{
  "name": "@marreman/elm-i18next",
  "version": "0.0.1",
  "lockfileVersion": 2,
  "requires": true,
  "packages": {
    "": {
      "name": "@marreman/elm-i18next",
      "version": "0.0.1",
      "license": "MIT",
      "bin": {
        "elm-i18next": "bin/elm-i18next"
      },
      "devDependencies": {
        "elm-tooling": "^1.2.0"
      }
    },
    "node_modules/elm-tooling": {
      "version": "1.2.0",
      "resolved": "https://registry.npmjs.org/elm-tooling/-/elm-tooling-1.2.0.tgz",
      "integrity": "sha512-hp9HKubt41Xa8uAdlspEvVhizibwKsVHE5HA/bF5LVIaPDC0yQ43PtqrP13h5dzS6J1VYorYKtK6on9D0gkOmw==",
      "dev": true,
      "bin": {
        "elm-tooling": "index.js"
      }
    }
  },
  "dependencies": {
    "elm-tooling": {
      "version": "1.2.0",
      "resolved": "https://registry.npmjs.org/elm-tooling/-/elm-tooling-1.2.0.tgz",
      "integrity": "sha512-hp9HKubt41Xa8uAdlspEvVhizibwKsVHE5HA/bF5LVIaPDC0yQ43PtqrP13h5dzS6J1VYorYKtK6on9D0gkOmw==",
      "dev": true
    }
  }
}
